
Microsoft Visual Studio Solution File, Format Version 12.00
# Visual Studio 15
VisualStudioVersion = 15.0.28307.539
MinimumVisualStudioVersion = 10.0.40219.1
Project("{FAE04EC0-301F-11D3-BF4B-00C04F79EFBC}") = "Quiron.LojaVirtual.Dominio", "Quiron.LojaVirtual.Dominio\Quiron.LojaVirtual.Dominio.csproj", "{4FC53C24-2EDD-4AF0-A00C-FD4D217367D0}"
EndProject
Project("{FAE04EC0-301F-11D3-BF4B-00C04F79EFBC}") = "Quiron.LojaVirtual.Web", "Quiron.LojaVirtual.Web\Quiron.LojaVirtual.Web.csproj", "{5876B2EA-5E15-4A9B-A949-0B5134884D11}"
EndProject
Project("{FAE04EC0-301F-11D3-BF4B-00C04F79EFBC}") = "Quiron.LojaVirtual.UnitTest", "Quiron.LojaVirtual.UnitTest\Quiron.LojaVirtual.UnitTest.csproj", "{CFE18F31-F373-4B1A-B802-5896F20597E2}"
EndProject
Global
	GlobalSection(SolutionConfigurationPlatforms) = preSolution
		Debug|Any CPU = Debug|Any CPU
		Release|Any CPU = Release|Any CPU
	EndGlobalSection
	GlobalSection(ProjectConfigurationPlatforms) = postSolution
		{4FC53C24-2EDD-4AF0-A00C-FD4D217367D0}.Debug|Any CPU.ActiveCfg = Debug|Any CPU
		{4FC53C24-2EDD-4AF0-A00C-FD4D217367D0}.Debug|Any CPU.Build.0 = Debug|Any CPU
		{4FC53C24-2EDD-4AF0-A00C-FD4D217367D0}.Release|Any CPU.ActiveCfg = Release|Any CPU
		{4FC53C24-2EDD-4AF0-A00C-FD4D217367D0}.Release|Any CPU.Build.0 = Release|Any CPU
		{5876B2EA-5E15-4A9B-A949-0B5134884D11}.Debug|Any CPU.ActiveCfg = Debug|Any CPU
		{5876B2EA-5E15-4A9B-A949-0B5134884D11}.Debug|Any CPU.Build.0 = Debug|Any CPU
		{5876B2EA-5E15-4A9B-A949-0B5134884D11}.Release|Any CPU.ActiveCfg = Release|Any CPU
		{5876B2EA-5E15-4A9B-A949-0B5134884D11}.Release|Any CPU.Build.0 = Release|Any CPU
		{CFE18F31-F373-4B1A-B802-5896F20597E2}.Debug|Any CPU.ActiveCfg = Debug|Any CPU
		{CFE18F31-F373-4B1A-B802-5896F20597E2}.Debug|Any CPU.Build.0 = Debug|Any CPU
		{CFE18F31-F373-4B1A-B802-5896F20597E2}.Release|Any CPU.ActiveCfg = Release|Any CPU
		{CFE18F31-F373-4B1A-B802-5896F20597E2}.Release|Any CPU.Build.0 = Release|Any CPU
	EndGlobalSection
	GlobalSection(SolutionProperties) = preSolution
		HideSolutionNode = FALSE
	EndGlobalSection
	GlobalSection(ExtensibilityGlobals) = postSolution
		SolutionGuid = {A2951744-163C-4BB4-A535-8DAA22AA20D8}
	EndGlobalSection
EndGlobal
